
Microsoft Visual Studio Solution File, Format Version 11.00
# Visual Studio 2010
Project("{FAE04EC0-301F-11D3-BF4B-00C04F79EFBC}") = "AmapTileSlicing", "PicSlicing\AmapTileSlicing.csproj", "{F75C8046-874E-434E-8C5E-C54B4ED9BAC5}"
EndProject
Global
	GlobalSection(SolutionConfigurationPlatforms) = preSolution
		Debug|x86 = Debug|x86
		Release|x86 = Release|x86
	EndGlobalSection
	GlobalSection(ProjectConfigurationPlatforms) = postSolution
		{F75C8046-874E-434E-8C5E-C54B4ED9BAC5}.Debug|x86.ActiveCfg = Debug|x86
		{F75C8046-874E-434E-8C5E-C54B4ED9BAC5}.Debug|x86.Build.0 = Debug|x86
		{F75C8046-874E-434E-8C5E-C54B4ED9BAC5}.Release|x86.ActiveCfg = Release|x86
		{F75C8046-874E-434E-8C5E-C54B4ED9BAC5}.Release|x86.Build.0 = Release|x86
	EndGlobalSection
	GlobalSection(SolutionProperties) = preSolution
		HideSolutionNode = FALSE
	EndGlobalSection
EndGlobal
